
Microsoft Visual Studio Solution File, Format Version 12.00
# Visual Studio Version 17
VisualStudioVersion = 17.9.34622.214
MinimumVisualStudioVersion = 10.0.40219.1
Project("{FAE04EC0-301F-11D3-BF4B-00C04F79EFBC}") = "TDDCursusLibrary", "TDDCursusLibrary\TDDCursusLibrary.csproj", "{FB0B2DFB-84E7-4A37-9470-D45EDAAAAE24}"
EndProject
Global
	GlobalSection(SolutionConfigurationPlatforms) = preSolution
		Debug|Any CPU = Debug|Any CPU
		Release|Any CPU = Release|Any CPU
	EndGlobalSection
	GlobalSection(ProjectConfigurationPlatforms) = postSolution
		{FB0B2DFB-84E7-4A37-9470-D45EDAAAAE24}.Debug|Any CPU.ActiveCfg = Debug|Any CPU
		{FB0B2DFB-84E7-4A37-9470-D45EDAAAAE24}.Debug|Any CPU.Build.0 = Debug|Any CPU
		{FB0B2DFB-84E7-4A37-9470-D45EDAAAAE24}.Release|Any CPU.ActiveCfg = Release|Any CPU
		{FB0B2DFB-84E7-4A37-9470-D45EDAAAAE24}.Release|Any CPU.Build.0 = Release|Any CPU
	EndGlobalSection
	GlobalSection(SolutionProperties) = preSolution
		HideSolutionNode = FALSE
	EndGlobalSection
	GlobalSection(ExtensibilityGlobals) = postSolution
		SolutionGuid = {558B5B1A-2DEF-4382-9E36-E80163CD4BCA}
	EndGlobalSection
EndGlobal
